
Microsoft Visual Studio Solution File, Format Version 12.00
# Visual Studio 15
VisualStudioVersion = 15.0.27130.2020
MinimumVisualStudioVersion = 10.0.40219.1
Project("{FAE04EC0-301F-11D3-BF4B-00C04F79EFBC}") = "BSPValidator", "BSPValidator\BSPValidator.csproj", "{3004DA95-FD28-48E0-93E2-5C18C66E971B}"
EndProject
Global
	GlobalSection(SolutionConfigurationPlatforms) = preSolution
		Debug|Any CPU = Debug|Any CPU
		Release|Any CPU = Release|Any CPU
	EndGlobalSection
	GlobalSection(ProjectConfigurationPlatforms) = postSolution
		{3004DA95-FD28-48E0-93E2-5C18C66E971B}.Debug|Any CPU.ActiveCfg = Debug|Any CPU
		{3004DA95-FD28-48E0-93E2-5C18C66E971B}.Debug|Any CPU.Build.0 = Debug|Any CPU
		{3004DA95-FD28-48E0-93E2-5C18C66E971B}.Release|Any CPU.ActiveCfg = Release|Any CPU
		{3004DA95-FD28-48E0-93E2-5C18C66E971B}.Release|Any CPU.Build.0 = Release|Any CPU
	EndGlobalSection
	GlobalSection(SolutionProperties) = preSolution
		HideSolutionNode = FALSE
	EndGlobalSection
	GlobalSection(ExtensibilityGlobals) = postSolution
		SolutionGuid = {540CF501-63E0-490E-911B-346C0ED1D8B2}
	EndGlobalSection
EndGlobal
